
Microsoft Visual Studio Solution File, Format Version 12.00
Project("{FAE04EC0-301F-11D3-BF4B-00C04F79EFBC}") = "parents_design_net", "parents_design_net\parents_design_net.csproj", "{B91CD05F-2DD0-4E4C-9F4E-706ACDCB1AB8}"
EndProject
Global
	GlobalSection(SolutionConfigurationPlatforms) = preSolution
		Debug|Any CPU = Debug|Any CPU
		Release|Any CPU = Release|Any CPU
	EndGlobalSection
	GlobalSection(ProjectConfigurationPlatforms) = postSolution
		{B91CD05F-2DD0-4E4C-9F4E-706ACDCB1AB8}.Debug|Any CPU.ActiveCfg = Debug|Any CPU
		{B91CD05F-2DD0-4E4C-9F4E-706ACDCB1AB8}.Debug|Any CPU.Build.0 = Debug|Any CPU
		{B91CD05F-2DD0-4E4C-9F4E-706ACDCB1AB8}.Release|Any CPU.ActiveCfg = Release|Any CPU
		{B91CD05F-2DD0-4E4C-9F4E-706ACDCB1AB8}.Release|Any CPU.Build.0 = Release|Any CPU
	EndGlobalSection
EndGlobal
